{
  "name": "server",
  "version": "1.0.0",
  "lockfileVersion": 2,
  "requires": true,
  "packages": {
    "": {
      "version": "1.0.0",
      "license": "ISC",
      "dependencies": {
        "@stefftek/planet.js": "^1.0.5",
        "pureimage": "^0.3.5",
        "seedrandom": "^2.4.4"
      }
    },
    "node_modules/@stefftek/planet.js": {
      "version": "1.0.5",
      "resolved": "https://registry.npmjs.org/@stefftek/planet.js/-/planet.js-1.0.5.tgz",
      "integrity": "sha512-HyrzEdzotwwwiu/9JehH0bD3TteIcuYthvq3KLe/eZeMrUredqwkTW7MqZwSpqCRKsLWYTDzxmkeAcVjmrsavw==",
      "dependencies": {
        "perlin-noise": "^0.0.1",
        "pureimage": "^0.3.2",
        "seeded-perlin-noise": "git+https://github.com/aramperes/seeded-node-perlin-noise.git",
        "simplex-noise": "^2.4.0"
      }
    },
    "node_modules/jpeg-js": {
      "version": "0.4.3",
      "resolved": "https://registry.npmjs.org/jpeg-js/-/jpeg-js-0.4.3.tgz",
      "integrity": "sha512-ru1HWKek8octvUHFHvE5ZzQ1yAsJmIvRdGWvSoKV52XKyuyYA437QWDttXT8eZXDSbuMpHlLzPDZUPd6idIz+Q=="
    },
    "node_modules/opentype.js": {
      "version": "0.4.11",
      "resolved": "https://registry.npmjs.org/opentype.js/-/opentype.js-0.4.11.tgz",
      "integrity": "sha1-KBojkGOcwVkxyVXY1jwUp8d3K0E=",
      "bin": {
        "ot": "bin/ot"
      }
    },
    "node_modules/perlin-noise": {
      "version": "0.0.1",
      "resolved": "https://registry.npmjs.org/perlin-noise/-/perlin-noise-0.0.1.tgz",
      "integrity": "sha1-YsxpxAoXsZzUQHfEAywhwc/fNO0="
    },
    "node_modules/pngjs": {
      "version": "3.4.0",
      "resolved": "https://registry.npmjs.org/pngjs/-/pngjs-3.4.0.tgz",
      "integrity": "sha512-NCrCHhWmnQklfH4MtJMRjZ2a8c80qXeMlQMv2uVp9ISJMTt562SbGd6n2oq0PaPgKm7Z6pL9E2UlLIhC+SHL3w==",
      "engines": {
        "node": ">=4.0.0"
      }
    },
    "node_modules/pureimage": {
      "version": "0.3.5",
      "resolved": "https://registry.npmjs.org/pureimage/-/pureimage-0.3.5.tgz",
      "integrity": "sha512-+CFUEpoX6GemlKlHihI7Ii4IqKqF5KZjd682sAxwzbc4t4zU4Gwhxd4W3UMZW94nJzf0n4nA9zJrwTR4jZB4TA==",
      "dependencies": {
        "jpeg-js": "^0.4.1",
        "opentype.js": "^0.4.3",
        "pngjs": "^3.3.1"
      },
      "engines": {
        "node": ">=0.8"
      }
    },
    "node_modules/seeded-perlin-noise": {
      "version": "0.0.2",
      "resolved": "git+ssh://git@github.com/aramperes/seeded-node-perlin-noise.git#3e363bea407ae80bc0c2747402ec5342885452ec",
      "license": "BSD",
      "dependencies": {
        "seedrandom": "^2.4.3"
      }
    },
    "node_modules/seedrandom": {
      "version": "2.4.4",
      "resolved": "https://registry.npmjs.org/seedrandom/-/seedrandom-2.4.4.tgz",
      "integrity": "sha512-9A+PDmgm+2du77B5i0Ip2cxOqqHjgNxnBgglxLcX78A2D6c2rTo61z4jnVABpF4cKeDMDG+cmXXvdnqse2VqMA=="
    },
    "node_modules/simplex-noise": {
      "version": "2.4.0",
      "resolved": "https://registry.npmjs.org/simplex-noise/-/simplex-noise-2.4.0.tgz",
      "integrity": "sha512-OjyDWm/QZjVbMrPxDVi9b2as+SeNn9EBXlrWVRlFW+TSyWMSXouDryXkQN0vf5YP+QZKobrmkvx1eQYPLtuqfw=="
    }
  },
  "dependencies": {
    "@stefftek/planet.js": {
      "version": "1.0.5",
      "resolved": "https://registry.npmjs.org/@stefftek/planet.js/-/planet.js-1.0.5.tgz",
      "integrity": "sha512-HyrzEdzotwwwiu/9JehH0bD3TteIcuYthvq3KLe/eZeMrUredqwkTW7MqZwSpqCRKsLWYTDzxmkeAcVjmrsavw==",
      "requires": {
        "perlin-noise": "^0.0.1",
        "pureimage": "^0.3.2",
        "seeded-perlin-noise": "git+https://github.com/aramperes/seeded-node-perlin-noise.git",
        "simplex-noise": "^2.4.0"
      }
    },
    "jpeg-js": {
      "version": "0.4.3",
      "resolved": "https://registry.npmjs.org/jpeg-js/-/jpeg-js-0.4.3.tgz",
      "integrity": "sha512-ru1HWKek8octvUHFHvE5ZzQ1yAsJmIvRdGWvSoKV52XKyuyYA437QWDttXT8eZXDSbuMpHlLzPDZUPd6idIz+Q=="
    },
    "opentype.js": {
      "version": "0.4.11",
      "resolved": "https://registry.npmjs.org/opentype.js/-/opentype.js-0.4.11.tgz",
      "integrity": "sha1-KBojkGOcwVkxyVXY1jwUp8d3K0E="
    },
    "perlin-noise": {
      "version": "0.0.1",
      "resolved": "https://registry.npmjs.org/perlin-noise/-/perlin-noise-0.0.1.tgz",
      "integrity": "sha1-YsxpxAoXsZzUQHfEAywhwc/fNO0="
    },
    "pngjs": {
      "version": "3.4.0",
      "resolved": "https://registry.npmjs.org/pngjs/-/pngjs-3.4.0.tgz",
      "integrity": "sha512-NCrCHhWmnQklfH4MtJMRjZ2a8c80qXeMlQMv2uVp9ISJMTt562SbGd6n2oq0PaPgKm7Z6pL9E2UlLIhC+SHL3w=="
    },
    "pureimage": {
      "version": "0.3.5",
      "resolved": "https://registry.npmjs.org/pureimage/-/pureimage-0.3.5.tgz",
      "integrity": "sha512-+CFUEpoX6GemlKlHihI7Ii4IqKqF5KZjd682sAxwzbc4t4zU4Gwhxd4W3UMZW94nJzf0n4nA9zJrwTR4jZB4TA==",
      "requires": {
        "jpeg-js": "^0.4.1",
        "opentype.js": "^0.4.3",
        "pngjs": "^3.3.1"
      }
    },
    "seeded-perlin-noise": {
      "version": "git+ssh://git@github.com/aramperes/seeded-node-perlin-noise.git#3e363bea407ae80bc0c2747402ec5342885452ec",
      "from": "seeded-perlin-noise@git+https://github.com/aramperes/seeded-node-perlin-noise.git",
      "requires": {
        "seedrandom": "^2.4.3"
      }
    },
    "seedrandom": {
      "version": "2.4.4",
      "resolved": "https://registry.npmjs.org/seedrandom/-/seedrandom-2.4.4.tgz",
      "integrity": "sha512-9A+PDmgm+2du77B5i0Ip2cxOqqHjgNxnBgglxLcX78A2D6c2rTo61z4jnVABpF4cKeDMDG+cmXXvdnqse2VqMA=="
    },
    "simplex-noise": {
      "version": "2.4.0",
      "resolved": "https://registry.npmjs.org/simplex-noise/-/simplex-noise-2.4.0.tgz",
      "integrity": "sha512-OjyDWm/QZjVbMrPxDVi9b2as+SeNn9EBXlrWVRlFW+TSyWMSXouDryXkQN0vf5YP+QZKobrmkvx1eQYPLtuqfw=="
    }
  }
}
